{
    "name": "@brentbahry/reflection-build-test-b",
    "version": "1.0.0",
    "lockfileVersion": 3,
    "requires": true,
    "packages": {
        "": {
            "name": "@brentbahry/reflection-build-test-b",
            "version": "1.0.0",
            "license": "ISC",
            "devDependencies": {
                "@types/node": "14.0.27",
                "typescript": "3.9.7"
            }
        },
        "../../../..": {
            "name": "@brentbahry/reflection-build",
            "version": "1.0.0",
            "extraneous": true,
            "license": "ISC",
            "dependencies": {
                "@brentbahry/reflection": "file:../reflection",
                "@brentbahry/util": "file:../util/common",
                "@brentbahry/util-server": "file:../util/server",
                "@dagrejs/graphlib": "2.1.4",
                "globby": "11.0.1",
                "gulp": "4.0.2",
                "gulp-shell": "0.8.0",
                "jsesc": "^3.0.1",
                "typescript": "5.2.2",
                "typescript-parser": "file:../node-typescript-parser"
            },
            "bin": {
                "reflection-build": "dist/src/runBuild.js",
                "reflection-watch": "dist/src/runWatch.js"
            },
            "devDependencies": {
                "@brentbahry/reflection-build-test-a": "file:test/examples/source-repository/a",
                "@types/globby": "9.1.0",
                "@types/graphlib": "2.1.6",
                "@types/gulp": "4.0.16",
                "@types/jest": "29.5.6",
                "@types/jsesc": "^2.5.1",
                "@types/node": "14.0.13",
                "jest": "29.7.0",
                "ts-jest": "29.1.1"
            }
        },
        "node_modules/@types/node": {
            "version": "14.0.27",
            "resolved": "https://registry.npmjs.org/@types/node/-/node-14.0.27.tgz",
            "integrity": "sha512-kVrqXhbclHNHGu9ztnAwSncIgJv/FaxmzXJvGXNdcCpV1b8u1/Mi6z6m0vwy0LzKeXFTPLH0NzwmoJ3fNCIq0g==",
            "dev": true
        },
        "node_modules/typescript": {
            "version": "3.9.7",
            "resolved": "https://registry.npmjs.org/typescript/-/typescript-3.9.7.tgz",
            "integrity": "sha512-BLbiRkiBzAwsjut4x/dsibSTB6yWpwT5qWmC2OfuCg3GgVQCSgMs4vEctYPhsaGtd0AeuuHMkjZ2h2WG8MSzRw==",
            "dev": true,
            "bin": {
                "tsc": "bin/tsc",
                "tsserver": "bin/tsserver"
            },
            "engines": {
                "node": ">=4.2.0"
            }
        }
    }
}
