{
    "name": "@proteinjs/user",
    "version": "1.0.0",
    "lockfileVersion": 3,
    "requires": true,
    "packages": {
        "": {
            "name": "@proteinjs/user",
            "version": "1.0.0",
            "license": "ISC",
            "dependencies": {
                "@brentbahry/reflection": "file:../../reflection",
                "@proteinjs/db": "file:../../db/db",
                "moment": "2.29.4"
            },
            "devDependencies": {
                "@brentbahry/reflection-build": "file:../../reflection-build",
                "@types/node": "14.0.13",
                "typescript": "5.2.2"
            }
        },
        "../../db/db": {
            "version": "2.0.0",
            "license": "ISC",
            "dependencies": {
                "@brentbahry/reflection": "file:../../reflection",
                "@brentbahry/util": "file:../../util/common",
                "@proteinjs/db-query": "file:../query",
                "@proteinjs/serializer": "file:../../serializer",
                "@proteinjs/service": "file:../../service",
                "moment": "2.29.4",
                "uuid": "8.3.0"
            },
            "devDependencies": {
                "@brentbahry/reflection-build": "file:../../reflection-build",
                "@types/jest": "29.5.5",
                "@types/node": "14.0.27",
                "@types/uuid": "8.3.0",
                "jest": "29.7.0",
                "ts-jest": "29.1.1",
                "typescript": "5.2.2"
            }
        },
        "../../reflection": {
            "version": "1.0.0",
            "license": "ISC",
            "dependencies": {
                "@brentbahry/util": "file:../util/common",
                "@dagrejs/graphlib": "2.1.4"
            },
            "devDependencies": {
                "@types/graphlib": "2.1.6",
                "@types/jest": "^26.0.0",
                "@types/node": "14.0.13",
                "jest": "^26.0.1",
                "ts-jest": "^26.1.0",
                "typescript": "3.9.5"
            }
        },
        "../../reflection-build": {
            "version": "1.0.0",
            "dev": true,
            "license": "ISC",
            "dependencies": {
                "@brentbahry/reflection": "file:../reflection",
                "@brentbahry/util": "file:../util/common",
                "@brentbahry/util-server": "file:../util/server",
                "@dagrejs/graphlib": "2.1.4",
                "globby": "11.0.1",
                "gulp": "4.0.2",
                "gulp-shell": "0.8.0",
                "jsesc": "^3.0.1",
                "typescript": "5.2.2",
                "typescript-parser": "../node-typescript-parser"
            },
            "bin": {
                "reflection-build": "dist/src/runBuild.js",
                "reflection-watch": "dist/src/runWatch.js"
            },
            "devDependencies": {
                "@brentbahry/reflection-build-test-a": "file:test/examples/source-repository/a",
                "@types/globby": "9.1.0",
                "@types/graphlib": "2.1.6",
                "@types/gulp": "4.0.16",
                "@types/jest": "29.5.6",
                "@types/jsesc": "^2.5.1",
                "@types/node": "14.0.13",
                "jest": "29.7.0",
                "ts-jest": "29.1.1"
            }
        },
        "node_modules/@brentbahry/reflection": {
            "resolved": "../../reflection",
            "link": true
        },
        "node_modules/@brentbahry/reflection-build": {
            "resolved": "../../reflection-build",
            "link": true
        },
        "node_modules/@proteinjs/db": {
            "resolved": "../../db/db",
            "link": true
        },
        "node_modules/@types/node": {
            "version": "14.0.13",
            "resolved": "https://registry.npmjs.org/@types/node/-/node-14.0.13.tgz",
            "integrity": "sha512-rouEWBImiRaSJsVA+ITTFM6ZxibuAlTuNOCyxVbwreu6k6+ujs7DfnU9o+PShFhET78pMBl3eH+AGSI5eOTkPA==",
            "dev": true
        },
        "node_modules/moment": {
            "version": "2.29.4",
            "resolved": "https://registry.npmjs.org/moment/-/moment-2.29.4.tgz",
            "integrity": "sha512-5LC9SOxjSc2HF6vO2CyuTDNivEdoz2IvyJJGj6X8DJ0eFyfszE0QiEd+iXmBvUP3WHxSjFH/vIsA0EN00cgr8w==",
            "engines": {
                "node": "*"
            }
        },
        "node_modules/typescript": {
            "version": "5.2.2",
            "resolved": "https://registry.npmjs.org/typescript/-/typescript-5.2.2.tgz",
            "integrity": "sha512-mI4WrpHsbCIcwT9cF4FZvr80QUeKvsUsUvKDoR+X/7XHQH98xYD8YHZg7ANtz2GtZt/CBq2QJ0thkGJMHfqc1w==",
            "dev": true,
            "bin": {
                "tsc": "bin/tsc",
                "tsserver": "bin/tsserver"
            },
            "engines": {
                "node": ">=14.17"
            }
        }
    }
}
