{
    "name": "@brentbahry/util",
    "version": "1.0.0",
    "lockfileVersion": 1,
    "requires": true,
    "dependencies": {
        "@dagrejs/graphlib": {
            "version": "2.1.4",
            "resolved": "https://registry.npmjs.org/@dagrejs/graphlib/-/graphlib-2.1.4.tgz",
            "integrity": "sha512-QCg9sL4uhjn468FDEsb/S9hS2xUZSrv/+dApb1Ze5VKO96pTXKNJZ6MGhIpgWkc1TVhbVGH9/7rq/Mf8/jWicw==",
            "requires": {
                "lodash": "^4.11.1"
            }
        },
        "@types/graphlib": {
            "version": "2.1.6",
            "resolved": "https://registry.npmjs.org/@types/graphlib/-/graphlib-2.1.6.tgz",
            "integrity": "sha512-os2Xj+pV/iwLkLX17LWuXdPooA4Jf4xg8WSdKPUi0tCSseP95oikcA1irOgVl3K2QYnoXrjJT3qVZeQ1uskB7g==",
            "dev": true
        },
        "@types/jsesc": {
            "version": "2.5.1",
            "resolved": "https://registry.npmjs.org/@types/jsesc/-/jsesc-2.5.1.tgz",
            "integrity": "sha512-9VN+6yxLOPLOav+7PwjZbxiID2bVaeq0ED4qSQmdQTdjnXJSaCVKTR58t15oqH1H5t8Ng2ZX1SabJVoN9Q34bw==",
            "dev": true
        },
        "@types/node": {
            "version": "14.0.13",
            "resolved": "https://registry.npmjs.org/@types/node/-/node-14.0.13.tgz",
            "integrity": "sha512-rouEWBImiRaSJsVA+ITTFM6ZxibuAlTuNOCyxVbwreu6k6+ujs7DfnU9o+PShFhET78pMBl3eH+AGSI5eOTkPA==",
            "dev": true
        },
        "jsesc": {
            "version": "3.0.1",
            "resolved": "https://registry.npmjs.org/jsesc/-/jsesc-3.0.1.tgz",
            "integrity": "sha512-w+MMxnByppM4jwskitZotEtvtO3a2C7WOz31NxJToGisHuysCAQQU7umb/pA/6soPFe8LGjXFEFbuPuLEPm7Ag=="
        },
        "lodash": {
            "version": "4.17.20",
            "resolved": "https://registry.npmjs.org/lodash/-/lodash-4.17.20.tgz",
            "integrity": "sha512-PlhdFcillOINfeV7Ni6oF1TAEayyZBoZ8bcshTHqOYJYlrqzRK5hagpagky5o4HfCzzd1TRkXPMFq6cKk9rGmA=="
        },
        "typescript": {
            "version": "3.9.5",
            "resolved": "https://registry.npmjs.org/typescript/-/typescript-3.9.5.tgz",
            "integrity": "sha512-hSAifV3k+i6lEoCJ2k6R2Z/rp/H3+8sdmcn5NrS3/3kE7+RyZXm9aqvxWqjEXHAd8b0pShatpcdMTvEdvAJltQ==",
            "dev": true
        }
    }
}
