{
    "name": "@proteinjs/util",
    "version": "1.0.0",
    "lockfileVersion": 3,
    "requires": true,
    "packages": {
        "": {
            "name": "@proteinjs/util",
            "version": "1.0.0",
            "license": "ISC",
            "dependencies": {
                "@dagrejs/graphlib": "2.1.4",
                "jsesc": "3.0.1"
            },
            "devDependencies": {
                "@types/graphlib": "2.1.6",
                "@types/jsesc": "2.5.1",
                "@types/node": "14.0.13",
                "typescript": "5.2.2"
            }
        },
        "node_modules/@dagrejs/graphlib": {
            "version": "2.1.4",
            "resolved": "https://registry.npmjs.org/@dagrejs/graphlib/-/graphlib-2.1.4.tgz",
            "integrity": "sha512-QCg9sL4uhjn468FDEsb/S9hS2xUZSrv/+dApb1Ze5VKO96pTXKNJZ6MGhIpgWkc1TVhbVGH9/7rq/Mf8/jWicw==",
            "dependencies": {
                "lodash": "^4.11.1"
            }
        },
        "node_modules/@types/graphlib": {
            "version": "2.1.6",
            "resolved": "https://registry.npmjs.org/@types/graphlib/-/graphlib-2.1.6.tgz",
            "integrity": "sha512-os2Xj+pV/iwLkLX17LWuXdPooA4Jf4xg8WSdKPUi0tCSseP95oikcA1irOgVl3K2QYnoXrjJT3qVZeQ1uskB7g==",
            "dev": true
        },
        "node_modules/@types/jsesc": {
            "version": "2.5.1",
            "resolved": "https://registry.npmjs.org/@types/jsesc/-/jsesc-2.5.1.tgz",
            "integrity": "sha512-9VN+6yxLOPLOav+7PwjZbxiID2bVaeq0ED4qSQmdQTdjnXJSaCVKTR58t15oqH1H5t8Ng2ZX1SabJVoN9Q34bw==",
            "dev": true
        },
        "node_modules/@types/node": {
            "version": "14.0.13",
            "resolved": "https://registry.npmjs.org/@types/node/-/node-14.0.13.tgz",
            "integrity": "sha512-rouEWBImiRaSJsVA+ITTFM6ZxibuAlTuNOCyxVbwreu6k6+ujs7DfnU9o+PShFhET78pMBl3eH+AGSI5eOTkPA==",
            "dev": true
        },
        "node_modules/jsesc": {
            "version": "3.0.1",
            "resolved": "https://registry.npmjs.org/jsesc/-/jsesc-3.0.1.tgz",
            "integrity": "sha512-w+MMxnByppM4jwskitZotEtvtO3a2C7WOz31NxJToGisHuysCAQQU7umb/pA/6soPFe8LGjXFEFbuPuLEPm7Ag==",
            "bin": {
                "jsesc": "bin/jsesc"
            },
            "engines": {
                "node": ">=6"
            }
        },
        "node_modules/lodash": {
            "version": "4.17.21",
            "resolved": "https://registry.npmjs.org/lodash/-/lodash-4.17.21.tgz",
            "integrity": "sha512-v2kDEe57lecTulaDIuNTPy3Ry4gLGJ6Z1O3vE1krgXZNrsQ+LFTGHVxVjcXPs17LhbZVGedAJv8XZ1tvj5FvSg=="
        },
        "node_modules/typescript": {
            "version": "5.2.2",
            "resolved": "https://registry.npmjs.org/typescript/-/typescript-5.2.2.tgz",
            "integrity": "sha512-mI4WrpHsbCIcwT9cF4FZvr80QUeKvsUsUvKDoR+X/7XHQH98xYD8YHZg7ANtz2GtZt/CBq2QJ0thkGJMHfqc1w==",
            "dev": true,
            "bin": {
                "tsc": "bin/tsc",
                "tsserver": "bin/tsserver"
            },
            "engines": {
                "node": ">=14.17"
            }
        }
    }
}
